
Microsoft Visual Studio Solution File, Format Version 12.00
# Visual Studio 15
VisualStudioVersion = 15.0.28307.489
MinimumVisualStudioVersion = 10.0.40219.1
Project("{FAE04EC0-301F-11D3-BF4B-00C04F79EFBC}") = "XamarinAndroid1", "XamarinAndroid1\XamarinAndroid1.csproj", "{05A6564F-A3BC-4E8A-AF1A-7FC54D8764FD}"
EndProject
Project("{FAE04EC0-301F-11D3-BF4B-00C04F79EFBC}") = "Android2", "Android2\Android2.csproj", "{C654643B-A7A9-4551-9044-D1F3CBAE0498}"
EndProject
Global
	GlobalSection(SolutionConfigurationPlatforms) = preSolution
		Debug|Any CPU = Debug|Any CPU
		Release|Any CPU = Release|Any CPU
	EndGlobalSection
	GlobalSection(ProjectConfigurationPlatforms) = postSolution
		{05A6564F-A3BC-4E8A-AF1A-7FC54D8764FD}.Debug|Any CPU.ActiveCfg = Debug|Any CPU
		{05A6564F-A3BC-4E8A-AF1A-7FC54D8764FD}.Debug|Any CPU.Build.0 = Debug|Any CPU
		{05A6564F-A3BC-4E8A-AF1A-7FC54D8764FD}.Debug|Any CPU.Deploy.0 = Debug|Any CPU
		{05A6564F-A3BC-4E8A-AF1A-7FC54D8764FD}.Release|Any CPU.ActiveCfg = Release|Any CPU
		{05A6564F-A3BC-4E8A-AF1A-7FC54D8764FD}.Release|Any CPU.Build.0 = Release|Any CPU
		{05A6564F-A3BC-4E8A-AF1A-7FC54D8764FD}.Release|Any CPU.Deploy.0 = Release|Any CPU
		{C654643B-A7A9-4551-9044-D1F3CBAE0498}.Debug|Any CPU.ActiveCfg = Debug|Any CPU
		{C654643B-A7A9-4551-9044-D1F3CBAE0498}.Debug|Any CPU.Build.0 = Debug|Any CPU
		{C654643B-A7A9-4551-9044-D1F3CBAE0498}.Debug|Any CPU.Deploy.0 = Debug|Any CPU
		{C654643B-A7A9-4551-9044-D1F3CBAE0498}.Release|Any CPU.ActiveCfg = Release|Any CPU
		{C654643B-A7A9-4551-9044-D1F3CBAE0498}.Release|Any CPU.Build.0 = Release|Any CPU
		{C654643B-A7A9-4551-9044-D1F3CBAE0498}.Release|Any CPU.Deploy.0 = Release|Any CPU
	EndGlobalSection
	GlobalSection(SolutionProperties) = preSolution
		HideSolutionNode = FALSE
	EndGlobalSection
	GlobalSection(ExtensibilityGlobals) = postSolution
		SolutionGuid = {F513AAAF-676C-4B76-8BFD-DF762AB932E1}
	EndGlobalSection
EndGlobal
